// !$*UTF8*$!
{
	archiveVersion = 1;
	classes = {
	};
	objectVersion = 55;
	objects = {

/* Begin PBXBuildFile section */
		7903DBF6281335BE0079F7A9 /* Restart_SwiftUIApp.swift in Sources */ = {isa = PBXBuildFile; fileRef = 7903DBF5281335BE0079F7A9 /* Restart_SwiftUIApp.swift */; };
		7903DBF8281335BE0079F7A9 /* ContentView.swift in Sources */ = {isa = PBXBuildFile; fileRef = 7903DBF7281335BE0079F7A9 /* ContentView.swift */; };
		7903DBFA281335BF0079F7A9 /* Assets.xcassets in Resources */ = {isa = PBXBuildFile; fileRef = 7903DBF9281335BF0079F7A9 /* Assets.xcassets */; };
		7903DBFD281335BF0079F7A9 /* Preview Assets.xcassets in Resources */ = {isa = PBXBuildFile; fileRef = 7903DBFC281335BF0079F7A9 /* Preview Assets.xcassets */; };
		7903DC052813378B0079F7A9 /* success.m4a in Resources */ = {isa = PBXBuildFile; fileRef = 7903DC032813378B0079F7A9 /* success.m4a */; };
		7903DC062813378B0079F7A9 /* chimeup.mp3 in Resources */ = {isa = PBXBuildFile; fileRef = 7903DC042813378B0079F7A9 /* chimeup.mp3 */; };
		792E2F6928187CC600D7AEFA /* AudioPlayer.swift in Sources */ = {isa = PBXBuildFile; fileRef = 792E2F6828187CC600D7AEFA /* AudioPlayer.swift */; };
		79F41C5B2817059400148876 /* OnboardingView.swift in Sources */ = {isa = PBXBuildFile; fileRef = 79F41C5A2817059400148876 /* OnboardingView.swift */; };
		79F41C5D2817059F00148876 /* HomeView.swift in Sources */ = {isa = PBXBuildFile; fileRef = 79F41C5C2817059F00148876 /* HomeView.swift */; };
		79F41C5F2817118800148876 /* CircleGroupView.swift in Sources */ = {isa = PBXBuildFile; fileRef = 79F41C5E2817118800148876 /* CircleGroupView.swift */; };
/* End PBXBuildFile section */

/* Begin PBXFileReference section */
		7903DBF2281335BE0079F7A9 /* Restart_SwiftUI.app */ = {isa = PBXFileReference; explicitFileType = wrapper.application; includeInIndex = 0; path = Restart_SwiftUI.app; sourceTree = BUILT_PRODUCTS_DIR; };
		7903DBF5281335BE0079F7A9 /* Restart_SwiftUIApp.swift */ = {isa = PBXFileReference; lastKnownFileType = sourcecode.swift; path = Restart_SwiftUIApp.swift; sourceTree = "<group>"; };
		7903DBF7281335BE0079F7A9 /* ContentView.swift */ = {isa = PBXFileReference; lastKnownFileType = sourcecode.swift; path = ContentView.swift; sourceTree = "<group>"; };
		7903DBF9281335BF0079F7A9 /* Assets.xcassets */ = {isa = PBXFileReference; lastKnownFileType = folder.assetcatalog; path = Assets.xcassets; sourceTree = "<group>"; };
		7903DBFC281335BF0079F7A9 /* Preview Assets.xcassets */ = {isa = PBXFileReference; lastKnownFileType = folder.assetcatalog; path = "Preview Assets.xcassets"; sourceTree = "<group>"; };
		7903DC032813378B0079F7A9 /* success.m4a */ = {isa = PBXFileReference; lastKnownFileType = file; path = success.m4a; sourceTree = "<group>"; };
		7903DC042813378B0079F7A9 /* chimeup.mp3 */ = {isa = PBXFileReference; lastKnownFileType = audio.mp3; path = chimeup.mp3; sourceTree = "<group>"; };
		792E2F6828187CC600D7AEFA /* AudioPlayer.swift */ = {isa = PBXFileReference; lastKnownFileType = sourcecode.swift; path = AudioPlayer.swift; sourceTree = "<group>"; };
		79F41C592817051600148876 /* Restart-SwiftUI-Info.plist */ = {isa = PBXFileReference; lastKnownFileType = text.plist; path = "Restart-SwiftUI-Info.plist"; sourceTree = SOURCE_ROOT; };
		79F41C5A2817059400148876 /* OnboardingView.swift */ = {isa = PBXFileReference; lastKnownFileType = sourcecode.swift; path = OnboardingView.swift; sourceTree = "<group>"; };
		79F41C5C2817059F00148876 /* HomeView.swift */ = {isa = PBXFileReference; lastKnownFileType = sourcecode.swift; path = HomeView.swift; sourceTree = "<group>"; };
		79F41C5E2817118800148876 /* CircleGroupView.swift */ = {isa = PBXFileReference; lastKnownFileType = sourcecode.swift; path = CircleGroupView.swift; sourceTree = "<group>"; };
/* End PBXFileReference section */

/* Begin PBXFrameworksBuildPhase section */
		7903DBEF281335BE0079F7A9 /* Frameworks */ = {
			isa = PBXFrameworksBuildPhase;
			buildActionMask = 2147483647;
			files = (
			);
			runOnlyForDeploymentPostprocessing = 0;
		};
/* End PBXFrameworksBuildPhase section */

/* Begin PBXGroup section */
		7903DBE9281335BE0079F7A9 = {
			isa = PBXGroup;
			children = (
				7903DBF4281335BE0079F7A9 /* Restart_SwiftUI */,
				7903DBF3281335BE0079F7A9 /* Products */,
			);
			sourceTree = "<group>";
		};
		7903DBF3281335BE0079F7A9 /* Products */ = {
			isa = PBXGroup;
			children = (
				7903DBF2281335BE0079F7A9 /* Restart_SwiftUI.app */,
			);
			name = Products;
			sourceTree = "<group>";
		};
		7903DBF4281335BE0079F7A9 /* Restart_SwiftUI */ = {
			isa = PBXGroup;
			children = (
				79F41C592817051600148876 /* Restart-SwiftUI-Info.plist */,
				79F41C58281703B400148876 /* Utilities */,
				79F41C572817039900148876 /* Views */,
				7903DC072813379A0079F7A9 /* Sounds */,
				79F41C562817036A00148876 /* Screens */,
				7903DBF5281335BE0079F7A9 /* Restart_SwiftUIApp.swift */,
				7903DBF9281335BF0079F7A9 /* Assets.xcassets */,
				7903DBFB281335BF0079F7A9 /* Preview Content */,
			);
			path = Restart_SwiftUI;
			sourceTree = "<group>";
		};
		7903DBFB281335BF0079F7A9 /* Preview Content */ = {
			isa = PBXGroup;
			children = (
				7903DBFC281335BF0079F7A9 /* Preview Assets.xcassets */,
			);
			path = "Preview Content";
			sourceTree = "<group>";
		};
		7903DC072813379A0079F7A9 /* Sounds */ = {
			isa = PBXGroup;
			children = (
				7903DC042813378B0079F7A9 /* chimeup.mp3 */,
				7903DC032813378B0079F7A9 /* success.m4a */,
			);
			path = Sounds;
			sourceTree = "<group>";
		};
		79F41C562817036A00148876 /* Screens */ = {
			isa = PBXGroup;
			children = (
				7903DBF7281335BE0079F7A9 /* ContentView.swift */,
				79F41C5A2817059400148876 /* OnboardingView.swift */,
				79F41C5C2817059F00148876 /* HomeView.swift */,
			);
			path = Screens;
			sourceTree = "<group>";
		};
		79F41C572817039900148876 /* Views */ = {
			isa = PBXGroup;
			children = (
				79F41C5E2817118800148876 /* CircleGroupView.swift */,
			);
			path = Views;
			sourceTree = "<group>";
		};
		79F41C58281703B400148876 /* Utilities */ = {
			isa = PBXGroup;
			children = (
				792E2F6828187CC600D7AEFA /* AudioPlayer.swift */,
			);
			path = Utilities;
			sourceTree = "<group>";
		};
/* End PBXGroup section */

/* Begin PBXNativeTarget section */
		7903DBF1281335BE0079F7A9 /* Restart_SwiftUI */ = {
			isa = PBXNativeTarget;
			buildConfigurationList = 7903DC00281335BF0079F7A9 /* Build configuration list for PBXNativeTarget "Restart_SwiftUI" */;
			buildPhases = (
				7903DBEE281335BE0079F7A9 /* Sources */,
				7903DBEF281335BE0079F7A9 /* Frameworks */,
				7903DBF0281335BE0079F7A9 /* Resources */,
			);
			buildRules = (
			);
			dependencies = (
			);
			name = Restart_SwiftUI;
			productName = Restart_SwiftUI;
			productReference = 7903DBF2281335BE0079F7A9 /* Restart_SwiftUI.app */;
			productType = "com.apple.product-type.application";
		};
/* End PBXNativeTarget section */

/* Begin PBXProject section */
		7903DBEA281335BE0079F7A9 /* Project object */ = {
			isa = PBXProject;
			attributes = {
				BuildIndependentTargetsInParallel = 1;
				LastSwiftUpdateCheck = 1330;
				LastUpgradeCheck = 1330;
				TargetAttributes = {
					7903DBF1281335BE0079F7A9 = {
						CreatedOnToolsVersion = 13.3;
					};
				};
			};
			buildConfigurationList = 7903DBED281335BE0079F7A9 /* Build configuration list for PBXProject "Restart_SwiftUI" */;
			compatibilityVersion = "Xcode 13.0";
			developmentRegion = en;
			hasScannedForEncodings = 0;
			knownRegions = (
				en,
				Base,
			);
			mainGroup = 7903DBE9281335BE0079F7A9;
			productRefGroup = 7903DBF3281335BE0079F7A9 /* Products */;
			projectDirPath = "";
			projectRoot = "";
			targets = (
				7903DBF1281335BE0079F7A9 /* Restart_SwiftUI */,
			);
		};
/* End PBXProject section */

/* Begin PBXResourcesBuildPhase section */
		7903DBF0281335BE0079F7A9 /* Resources */ = {
			isa = PBXResourcesBuildPhase;
			buildActionMask = 2147483647;
			files = (
				7903DC062813378B0079F7A9 /* chimeup.mp3 in Resources */,
				7903DBFD281335BF0079F7A9 /* Preview Assets.xcassets in Resources */,
				7903DC052813378B0079F7A9 /* success.m4a in Resources */,
				7903DBFA281335BF0079F7A9 /* Assets.xcassets in Resources */,
			);
			runOnlyForDeploymentPostprocessing = 0;
		};
/* End PBXResourcesBuildPhase section */

/* Begin PBXSourcesBuildPhase section */
		7903DBEE281335BE0079F7A9 /* Sources */ = {
			isa = PBXSourcesBuildPhase;
			buildActionMask = 2147483647;
			files = (
				79F41C5F2817118800148876 /* CircleGroupView.swift in Sources */,
				79F41C5B2817059400148876 /* OnboardingView.swift in Sources */,
				79F41C5D2817059F00148876 /* HomeView.swift in Sources */,
				7903DBF8281335BE0079F7A9 /* ContentView.swift in Sources */,
				7903DBF6281335BE0079F7A9 /* Restart_SwiftUIApp.swift in Sources */,
				792E2F6928187CC600D7AEFA /* AudioPlayer.swift in Sources */,
			);
			runOnlyForDeploymentPostprocessing = 0;
		};
/* End PBXSourcesBuildPhase section */

/* Begin XCBuildConfiguration section */
		7903DBFE281335BF0079F7A9 /* Debug */ = {
			isa = XCBuildConfiguration;
			buildSettings = {
				ALWAYS_SEARCH_USER_PATHS = NO;
				CLANG_ANALYZER_NONNULL = YES;
				CLANG_ANALYZER_NUMBER_OBJECT_CONVERSION = YES_AGGRESSIVE;
				CLANG_CXX_LANGUAGE_STANDARD = "gnu++17";
				CLANG_ENABLE_MODULES = YES;
				CLANG_ENABLE_OBJC_ARC = YES;
				CLANG_ENABLE_OBJC_WEAK = YES;
				CLANG_WARN_BLOCK_CAPTURE_AUTORELEASING = YES;
				CLANG_WARN_BOOL_CONVERSION = YES;
				CLANG_WARN_COMMA = YES;
				CLANG_WARN_CONSTANT_CONVERSION = YES;
				CLANG_WARN_DEPRECATED_OBJC_IMPLEMENTATIONS = YES;
				CLANG_WARN_DIRECT_OBJC_ISA_USAGE = YES_ERROR;
				CLANG_WARN_DOCUMENTATION_COMMENTS = YES;
				CLANG_WARN_EMPTY_BODY = YES;
				CLANG_WARN_ENUM_CONVERSION = YES;
				CLANG_WARN_INFINITE_RECURSION = YES;
				CLANG_WARN_INT_CONVERSION = YES;
				CLANG_WARN_NON_LITERAL_NULL_CONVERSION = YES;
				CLANG_WARN_OBJC_IMPLICIT_RETAIN_SELF = YES;
				CLANG_WARN_OBJC_LITERAL_CONVERSION = YES;
				CLANG_WARN_OBJC_ROOT_CLASS = YES_ERROR;
				CLANG_WARN_QUOTED_INCLUDE_IN_FRAMEWORK_HEADER = YES;
				CLANG_WARN_RANGE_LOOP_ANALYSIS = YES;
				CLANG_WARN_STRICT_PROTOTYPES = YES;
				CLANG_WARN_SUSPICIOUS_MOVE = YES;
				CLANG_WARN_UNGUARDED_AVAILABILITY = YES_AGGRESSIVE;
				CLANG_WARN_UNREACHABLE_CODE = YES;
				CLANG_WARN__DUPLICATE_METHOD_MATCH = YES;
				COPY_PHASE_STRIP = NO;
				DEBUG_INFORMATION_FORMAT = dwarf;
				ENABLE_STRICT_OBJC_MSGSEND = YES;
				ENABLE_TESTABILITY = YES;
				GCC_C_LANGUAGE_STANDARD = gnu11;
				GCC_DYNAMIC_NO_PIC = NO;
				GCC_NO_COMMON_BLOCKS = YES;
				GCC_OPTIMIZATION_LEVEL = 0;
				GCC_PREPROCESSOR_DEFINITIONS = (
					"DEBUG=1",
					"$(inherited)",
				);
				GCC_WARN_64_TO_32_BIT_CONVERSION = YES;
				GCC_WARN_ABOUT_RETURN_TYPE = YES_ERROR;
				GCC_WARN_UNDECLARED_SELECTOR = YES;
				GCC_WARN_UNINITIALIZED_AUTOS = YES_AGGRESSIVE;
				GCC_WARN_UNUSED_FUNCTION = YES;
				GCC_WARN_UNUSED_VARIABLE = YES;
				IPHONEOS_DEPLOYMENT_TARGET = 15.4;
				MTL_ENABLE_DEBUG_INFO = INCLUDE_SOURCE;
				MTL_FAST_MATH = YES;
				ONLY_ACTIVE_ARCH = YES;
				SDKROOT = iphoneos;
				SWIFT_ACTIVE_COMPILATION_CONDITIONS = DEBUG;
				SWIFT_OPTIMIZATION_LEVEL = "-Onone";
			};
			name = Debug;
		};
		7903DBFF281335BF0079F7A9 /* Release */ = {
			isa = XCBuildConfiguration;
			buildSettings = {
				ALWAYS_SEARCH_USER_PATHS = NO;
				CLANG_ANALYZER_NONNULL = YES;
				CLANG_ANALYZER_NUMBER_OBJECT_CONVERSION = YES_AGGRESSIVE;
				CLANG_CXX_LANGUAGE_STANDARD = "gnu++17";
				CLANG_ENABLE_MODULES = YES;
				CLANG_ENABLE_OBJC_ARC = YES;
				CLANG_ENABLE_OBJC_WEAK = YES;
				CLANG_WARN_BLOCK_CAPTURE_AUTORELEASING = YES;
				CLANG_WARN_BOOL_CONVERSION = YES;
				CLANG_WARN_COMMA = YES;
				CLANG_WARN_CONSTANT_CONVERSION = YES;
				CLANG_WARN_DEPRECATED_OBJC_IMPLEMENTATIONS = YES;
				CLANG_WARN_DIRECT_OBJC_ISA_USAGE = YES_ERROR;
				CLANG_WARN_DOCUMENTATION_COMMENTS = YES;
				CLANG_WARN_EMPTY_BODY = YES;
				CLANG_WARN_ENUM_CONVERSION = YES;
				CLANG_WARN_INFINITE_RECURSION = YES;
				CLANG_WARN_INT_CONVERSION = YES;
				CLANG_WARN_NON_LITERAL_NULL_CONVERSION = YES;
				CLANG_WARN_OBJC_IMPLICIT_RETAIN_SELF = YES;
				CLANG_WARN_OBJC_LITERAL_CONVERSION = YES;
				CLANG_WARN_OBJC_ROOT_CLASS = YES_ERROR;
				CLANG_WARN_QUOTED_INCLUDE_IN_FRAMEWORK_HEADER = YES;
				CLANG_WARN_RANGE_LOOP_ANALYSIS = YES;
				CLANG_WARN_STRICT_PROTOTYPES = YES;
				CLANG_WARN_SUSPICIOUS_MOVE = YES;
				CLANG_WARN_UNGUARDED_AVAILABILITY = YES_AGGRESSIVE;
				CLANG_WARN_UNREACHABLE_CODE = YES;
				CLANG_WARN__DUPLICATE_METHOD_MATCH = YES;
				COPY_PHASE_STRIP = NO;
				DEBUG_INFORMATION_FORMAT = "dwarf-with-dsym";
				ENABLE_NS_ASSERTIONS = NO;
				ENABLE_STRICT_OBJC_MSGSEND = YES;
				GCC_C_LANGUAGE_STANDARD = gnu11;
				GCC_NO_COMMON_BLOCKS = YES;
				GCC_WARN_64_TO_32_BIT_CONVERSION = YES;
				GCC_WARN_ABOUT_RETURN_TYPE = YES_ERROR;
				GCC_WARN_UNDECLARED_SELECTOR = YES;
				GCC_WARN_UNINITIALIZED_AUTOS = YES_AGGRESSIVE;
				GCC_WARN_UNUSED_FUNCTION = YES;
				GCC_WARN_UNUSED_VARIABLE = YES;
				IPHONEOS_DEPLOYMENT_TARGET = 15.4;
				MTL_ENABLE_DEBUG_INFO = NO;
				MTL_FAST_MATH = YES;
				SDKROOT = iphoneos;
				SWIFT_COMPILATION_MODE = wholemodule;
				SWIFT_OPTIMIZATION_LEVEL = "-O";
				VALIDATE_PRODUCT = YES;
			};
			name = Release;
		};
		7903DC01281335BF0079F7A9 /* Debug */ = {
			isa = XCBuildConfiguration;
			buildSettings = {
				ASSETCATALOG_COMPILER_APPICON_NAME = AppIcon;
				ASSETCATALOG_COMPILER_GLOBAL_ACCENT_COLOR_NAME = AccentColor;
				CODE_SIGN_STYLE = Automatic;
				CURRENT_PROJECT_VERSION = 1;
				DEVELOPMENT_ASSET_PATHS = "\"Restart_SwiftUI/Preview Content\"";
				DEVELOPMENT_TEAM = 4BNX73M8J6;
				ENABLE_PREVIEWS = YES;
				GENERATE_INFOPLIST_FILE = YES;
				INFOPLIST_FILE = "Restart-SwiftUI-Info.plist";
				INFOPLIST_KEY_UIApplicationSceneManifest_Generation = YES;
				INFOPLIST_KEY_UIApplicationSupportsIndirectInputEvents = YES;
				INFOPLIST_KEY_UISupportedInterfaceOrientations = UIInterfaceOrientationPortrait;
				INFOPLIST_KEY_UISupportedInterfaceOrientations_iPad = "UIInterfaceOrientationPortrait UIInterfaceOrientationPortraitUpsideDown";
				INFOPLIST_KEY_UISupportedInterfaceOrientations_iPhone = UIInterfaceOrientationPortrait;
				LD_RUNPATH_SEARCH_PATHS = (
					"$(inherited)",
					"@executable_path/Frameworks",
				);
				MARKETING_VERSION = 1.0;
				PRODUCT_BUNDLE_IDENTIFIER = "com.peytonshetler.Restart-SwiftUI";
				PRODUCT_NAME = "$(TARGET_NAME)";
				SWIFT_EMIT_LOC_STRINGS = YES;
				SWIFT_VERSION = 5.0;
				TARGETED_DEVICE_FAMILY = "1,2";
			};
			name = Debug;
		};
		7903DC02281335BF0079F7A9 /* Release */ = {
			isa = XCBuildConfiguration;
			buildSettings = {
				ASSETCATALOG_COMPILER_APPICON_NAME = AppIcon;
				ASSETCATALOG_COMPILER_GLOBAL_ACCENT_COLOR_NAME = AccentColor;
				CODE_SIGN_STYLE = Automatic;
				CURRENT_PROJECT_VERSION = 1;
				DEVELOPMENT_ASSET_PATHS = "\"Restart_SwiftUI/Preview Content\"";
				DEVELOPMENT_TEAM = 4BNX73M8J6;
				ENABLE_PREVIEWS = YES;
				GENERATE_INFOPLIST_FILE = YES;
				INFOPLIST_FILE = "Restart-SwiftUI-Info.plist";
				INFOPLIST_KEY_UIApplicationSceneManifest_Generation = YES;
				INFOPLIST_KEY_UIApplicationSupportsIndirectInputEvents = YES;
				INFOPLIST_KEY_UISupportedInterfaceOrientations = UIInterfaceOrientationPortrait;
				INFOPLIST_KEY_UISupportedInterfaceOrientations_iPad = "UIInterfaceOrientationPortrait UIInterfaceOrientationPortraitUpsideDown";
				INFOPLIST_KEY_UISupportedInterfaceOrientations_iPhone = UIInterfaceOrientationPortrait;
				LD_RUNPATH_SEARCH_PATHS = (
					"$(inherited)",
					"@executable_path/Frameworks",
				);
				MARKETING_VERSION = 1.0;
				PRODUCT_BUNDLE_IDENTIFIER = "com.peytonshetler.Restart-SwiftUI";
				PRODUCT_NAME = "$(TARGET_NAME)";
				SWIFT_EMIT_LOC_STRINGS = YES;
				SWIFT_VERSION = 5.0;
				TARGETED_DEVICE_FAMILY = "1,2";
			};
			name = Release;
		};
/* End XCBuildConfiguration section */

/* Begin XCConfigurationList section */
		7903DBED281335BE0079F7A9 /* Build configuration list for PBXProject "Restart_SwiftUI" */ = {
			isa = XCConfigurationList;
			buildConfigurations = (
				7903DBFE281335BF0079F7A9 /* Debug */,
				7903DBFF281335BF0079F7A9 /* Release */,
			);
			defaultConfigurationIsVisible = 0;
			defaultConfigurationName = Release;
		};
		7903DC00281335BF0079F7A9 /* Build configuration list for PBXNativeTarget "Restart_SwiftUI" */ = {
			isa = XCConfigurationList;
			buildConfigurations = (
				7903DC01281335BF0079F7A9 /* Debug */,
				7903DC02281335BF0079F7A9 /* Release */,
			);
			defaultConfigurationIsVisible = 0;
			defaultConfigurationName = Release;
		};
/* End XCConfigurationList section */
	};
	rootObject = 7903DBEA281335BE0079F7A9 /* Project object */;
}
